PODS:
  - LookinServer (1.0.0)
  - SJListkit (0.1.0)

DEPENDENCIES:
  - LookinServer
  - SJListkit (from `../`)

SPEC REPOS:
  https://github.com/cocoapods/specs.git:
    - LookinServer

EXTERNAL SOURCES:
  SJListkit:
    :path: "../"

SPEC CHECKSUMS:
  LookinServer: 0002891cd3cec5e082a910e897dfe71b4f06b89e
  SJListkit: 41abb4fa440912479da3452248473d30a6c2439b

PODFILE CHECKSUM: d3efaaea59bb64135b085a1b806141ea390cbee7

COCOAPODS: 1.7.5
